
Microsoft Visual Studio Solution File, Format Version 12.00
# Visual Studio Version 17
VisualStudioVersion = 17.7.34031.279
MinimumVisualStudioVersion = 10.0.40219.1
Project("{FAE04EC0-301F-11D3-BF4B-00C04F79EFBC}") = "DashScope.SDK.Net6", "DashScope.SDK.Net6\DashScope.SDK.Net6.csproj", "{4EDCE5C8-FF5E-49DC-ADD7-B73D66E1CD1B}"
EndProject
Global
	GlobalSection(SolutionConfigurationPlatforms) = preSolution
		Debug|Any CPU = Debug|Any CPU
		Release|Any CPU = Release|Any CPU
	EndGlobalSection
	GlobalSection(ProjectConfigurationPlatforms) = postSolution
		{4EDCE5C8-FF5E-49DC-ADD7-B73D66E1CD1B}.Debug|Any CPU.ActiveCfg = Debug|Any CPU
		{4EDCE5C8-FF5E-49DC-ADD7-B73D66E1CD1B}.Debug|Any CPU.Build.0 = Debug|Any CPU
		{4EDCE5C8-FF5E-49DC-ADD7-B73D66E1CD1B}.Release|Any CPU.ActiveCfg = Release|Any CPU
		{4EDCE5C8-FF5E-49DC-ADD7-B73D66E1CD1B}.Release|Any CPU.Build.0 = Release|Any CPU
	EndGlobalSection
	GlobalSection(SolutionProperties) = preSolution
		HideSolutionNode = FALSE
	EndGlobalSection
	GlobalSection(ExtensibilityGlobals) = postSolution
		SolutionGuid = {4DB366D6-5FB1-4AFC-AC37-F366A3F7BE60}
	EndGlobalSection
EndGlobal
